
Microsoft Visual Studio Solution File, Format Version 12.00
# Visual Studio Version 16
VisualStudioVersion = 16.0.31025.194
MinimumVisualStudioVersion = 10.0.40219.1
Project("{FAE04EC0-301F-11D3-BF4B-00C04F79EFBC}") = "QuanLyNhaHang", "QuanLyNhaHang\QuanLyNhaHang.csproj", "{29972AEE-75D2-4A01-A13C-9A857A3BF649}"
EndProject
Global
	GlobalSection(SolutionConfigurationPlatforms) = preSolution
		Debug|Any CPU = Debug|Any CPU
		Release|Any CPU = Release|Any CPU
	EndGlobalSection
	GlobalSection(ProjectConfigurationPlatforms) = postSolution
		{29972AEE-75D2-4A01-A13C-9A857A3BF649}.Debug|Any CPU.ActiveCfg = Debug|Any CPU
		{29972AEE-75D2-4A01-A13C-9A857A3BF649}.Debug|Any CPU.Build.0 = Debug|Any CPU
		{29972AEE-75D2-4A01-A13C-9A857A3BF649}.Release|Any CPU.ActiveCfg = Release|Any CPU
		{29972AEE-75D2-4A01-A13C-9A857A3BF649}.Release|Any CPU.Build.0 = Release|Any CPU
	EndGlobalSection
	GlobalSection(SolutionProperties) = preSolution
		HideSolutionNode = FALSE
	EndGlobalSection
	GlobalSection(ExtensibilityGlobals) = postSolution
		SolutionGuid = {C8725899-8EDC-44BC-A834-E5FA9B6B7FA2}
	EndGlobalSection
EndGlobal
